
Microsoft Visual Studio Solution File, Format Version 12.00
# Visual Studio Version 17
VisualStudioVersion = 17.8.34511.84
MinimumVisualStudioVersion = 10.0.40219.1
Project("{9A19103F-16F7-4668-BE54-9A1E7A4F7556}") = "SolitareSolver", "SolitareSolver\SolitareSolver.csproj", "{26B60BC9-5B84-47E9-ACEE-3C6647D797D9}"
EndProject
Project("{9A19103F-16F7-4668-BE54-9A1E7A4F7556}") = "SolitareSolver.Model", "SolitareSolver.Model\SolitareSolver.Model.csproj", "{5B396F6D-2C74-4FA2-8C1B-2917AA20B2AF}"
EndProject
Project("{FAE04EC0-301F-11D3-BF4B-00C04F79EFBC}") = "SolitareSolver.Test", "TestProject1\SolitareSolver.Test.csproj", "{F9A8EC96-D7E6-4BFB-BF66-6D1FCF24A3C9}"
EndProject
Global
	GlobalSection(SolutionConfigurationPlatforms) = preSolution
		Debug|Any CPU = Debug|Any CPU
		Release|Any CPU = Release|Any CPU
	EndGlobalSection
	GlobalSection(ProjectConfigurationPlatforms) = postSolution
		{26B60BC9-5B84-47E9-ACEE-3C6647D797D9}.Debug|Any CPU.ActiveCfg = Debug|Any CPU
		{26B60BC9-5B84-47E9-ACEE-3C6647D797D9}.Debug|Any CPU.Build.0 = Debug|Any CPU
		{26B60BC9-5B84-47E9-ACEE-3C6647D797D9}.Release|Any CPU.ActiveCfg = Release|Any CPU
		{26B60BC9-5B84-47E9-ACEE-3C6647D797D9}.Release|Any CPU.Build.0 = Release|Any CPU
		{5B396F6D-2C74-4FA2-8C1B-2917AA20B2AF}.Debug|Any CPU.ActiveCfg = Debug|Any CPU
		{5B396F6D-2C74-4FA2-8C1B-2917AA20B2AF}.Debug|Any CPU.Build.0 = Debug|Any CPU
		{5B396F6D-2C74-4FA2-8C1B-2917AA20B2AF}.Release|Any CPU.ActiveCfg = Release|Any CPU
		{5B396F6D-2C74-4FA2-8C1B-2917AA20B2AF}.Release|Any CPU.Build.0 = Release|Any CPU
		{F9A8EC96-D7E6-4BFB-BF66-6D1FCF24A3C9}.Debug|Any CPU.ActiveCfg = Debug|Any CPU
		{F9A8EC96-D7E6-4BFB-BF66-6D1FCF24A3C9}.Debug|Any CPU.Build.0 = Debug|Any CPU
		{F9A8EC96-D7E6-4BFB-BF66-6D1FCF24A3C9}.Release|Any CPU.ActiveCfg = Release|Any CPU
		{F9A8EC96-D7E6-4BFB-BF66-6D1FCF24A3C9}.Release|Any CPU.Build.0 = Release|Any CPU
	EndGlobalSection
	GlobalSection(SolutionProperties) = preSolution
		HideSolutionNode = FALSE
	EndGlobalSection
	GlobalSection(ExtensibilityGlobals) = postSolution
		SolutionGuid = {4712A4B8-147D-484E-BCB3-AECE769AD8C7}
	EndGlobalSection
EndGlobal
